
Microsoft Visual Studio Solution File, Format Version 12.00
# Visual Studio Version 17
VisualStudioVersion = 17.2.32616.157
MinimumVisualStudioVersion = 10.0.40219.1
Project("{FAE04EC0-301F-11D3-BF4B-00C04F79EFBC}") = "Faizan", "Faizan.csproj", "{63D34D45-C565-49CC-8991-13E830492B7C}"
EndProject
Global
	GlobalSection(SolutionConfigurationPlatforms) = preSolution
		Debug|Any CPU = Debug|Any CPU
		Release|Any CPU = Release|Any CPU
	EndGlobalSection
	GlobalSection(ProjectConfigurationPlatforms) = postSolution
		{63D34D45-C565-49CC-8991-13E830492B7C}.Debug|Any CPU.ActiveCfg = Debug|Any CPU
		{63D34D45-C565-49CC-8991-13E830492B7C}.Debug|Any CPU.Build.0 = Debug|Any CPU
		{63D34D45-C565-49CC-8991-13E830492B7C}.Release|Any CPU.ActiveCfg = Release|Any CPU
		{63D34D45-C565-49CC-8991-13E830492B7C}.Release|Any CPU.Build.0 = Release|Any CPU
	EndGlobalSection
	GlobalSection(SolutionProperties) = preSolution
		HideSolutionNode = FALSE
	EndGlobalSection
	GlobalSection(ExtensibilityGlobals) = postSolution
		SolutionGuid = {F7755012-88C0-474D-9EB0-D42E57E17790}
	EndGlobalSection
EndGlobal
